
Microsoft Visual Studio Solution File, Format Version 12.00
# Visual Studio 15
VisualStudioVersion = 15.0.27004.2010
MinimumVisualStudioVersion = 10.0.40219.1
Project("{FAE04EC0-301F-11D3-BF4B-00C04F79EFBC}") = "NaxexAcademy.UnitTests", "NaxexAcademy.UnitTests\NaxexAcademy.UnitTests.csproj", "{13D5F6CC-B0E8-4171-AA5B-7CC4690F1FA2}"
EndProject
Project("{FAE04EC0-301F-11D3-BF4B-00C04F79EFBC}") = "NaxexAcademy.Common", "NaxexAcademy.Common\NaxexAcademy.Common.csproj", "{FD5753B4-E8A0-46C3-B58D-3CAEA2F59E8C}"
EndProject
Project("{FAE04EC0-301F-11D3-BF4B-00C04F79EFBC}") = "NaxexAcademy.Core", "NaxexAcademy.Core\NaxexAcademy.Core.csproj", "{2D7E47F2-9D1C-41E3-9786-5B6C49497942}"
EndProject
Project("{FAE04EC0-301F-11D3-BF4B-00C04F79EFBC}") = "NaxexAcademy.Persistance", "NaxexAcademy.Persistance\NaxexAcademy.Persistance.csproj", "{5FD05C47-F82E-42EB-9DFF-0870822CA3DF}"
EndProject
Project("{FAE04EC0-301F-11D3-BF4B-00C04F79EFBC}") = "NaxexAcademy.Web", "NaxexAcademy.Web\NaxexAcademy.Web.csproj", "{E6B0398B-960D-4B34-B7C2-0FCB12A23A22}"
EndProject
Global
	GlobalSection(SolutionConfigurationPlatforms) = preSolution
		Debug|Any CPU = Debug|Any CPU
		Release|Any CPU = Release|Any CPU
	EndGlobalSection
	GlobalSection(ProjectConfigurationPlatforms) = postSolution
		{13D5F6CC-B0E8-4171-AA5B-7CC4690F1FA2}.Debug|Any CPU.ActiveCfg = Debug|Any CPU
		{13D5F6CC-B0E8-4171-AA5B-7CC4690F1FA2}.Debug|Any CPU.Build.0 = Debug|Any CPU
		{13D5F6CC-B0E8-4171-AA5B-7CC4690F1FA2}.Release|Any CPU.ActiveCfg = Release|Any CPU
		{13D5F6CC-B0E8-4171-AA5B-7CC4690F1FA2}.Release|Any CPU.Build.0 = Release|Any CPU
		{FD5753B4-E8A0-46C3-B58D-3CAEA2F59E8C}.Debug|Any CPU.ActiveCfg = Debug|Any CPU
		{FD5753B4-E8A0-46C3-B58D-3CAEA2F59E8C}.Debug|Any CPU.Build.0 = Debug|Any CPU
		{FD5753B4-E8A0-46C3-B58D-3CAEA2F59E8C}.Release|Any CPU.ActiveCfg = Release|Any CPU
		{FD5753B4-E8A0-46C3-B58D-3CAEA2F59E8C}.Release|Any CPU.Build.0 = Release|Any CPU
		{2D7E47F2-9D1C-41E3-9786-5B6C49497942}.Debug|Any CPU.ActiveCfg = Debug|Any CPU
		{2D7E47F2-9D1C-41E3-9786-5B6C49497942}.Debug|Any CPU.Build.0 = Debug|Any CPU
		{2D7E47F2-9D1C-41E3-9786-5B6C49497942}.Release|Any CPU.ActiveCfg = Release|Any CPU
		{2D7E47F2-9D1C-41E3-9786-5B6C49497942}.Release|Any CPU.Build.0 = Release|Any CPU
		{5FD05C47-F82E-42EB-9DFF-0870822CA3DF}.Debug|Any CPU.ActiveCfg = Debug|Any CPU
		{5FD05C47-F82E-42EB-9DFF-0870822CA3DF}.Debug|Any CPU.Build.0 = Debug|Any CPU
		{5FD05C47-F82E-42EB-9DFF-0870822CA3DF}.Release|Any CPU.ActiveCfg = Release|Any CPU
		{5FD05C47-F82E-42EB-9DFF-0870822CA3DF}.Release|Any CPU.Build.0 = Release|Any CPU
		{E6B0398B-960D-4B34-B7C2-0FCB12A23A22}.Debug|Any CPU.ActiveCfg = Debug|Any CPU
		{E6B0398B-960D-4B34-B7C2-0FCB12A23A22}.Debug|Any CPU.Build.0 = Debug|Any CPU
		{E6B0398B-960D-4B34-B7C2-0FCB12A23A22}.Release|Any CPU.ActiveCfg = Release|Any CPU
		{E6B0398B-960D-4B34-B7C2-0FCB12A23A22}.Release|Any CPU.Build.0 = Release|Any CPU
	EndGlobalSection
	GlobalSection(SolutionProperties) = preSolution
		HideSolutionNode = FALSE
	EndGlobalSection
	GlobalSection(ExtensibilityGlobals) = postSolution
		SolutionGuid = {BBE9DE0C-02E5-4EE0-926F-1796E240E05F}
	EndGlobalSection
EndGlobal
